
Microsoft Visual Studio Solution File, Format Version 12.00
# Visual Studio Version 16
VisualStudioVersion = 16.0.31702.278
MinimumVisualStudioVersion = 10.0.40219.1
Project("{FAE04EC0-301F-11D3-BF4B-00C04F79EFBC}") = "Consolidado_Final", "Consolidado_Final\Consolidado_Final.csproj", "{94AB1E1B-8DFA-4D0F-B3BB-5F893AB78F7D}"
EndProject
Global
	GlobalSection(SolutionConfigurationPlatforms) = preSolution
		Debug|Any CPU = Debug|Any CPU
		Release|Any CPU = Release|Any CPU
	EndGlobalSection
	GlobalSection(ProjectConfigurationPlatforms) = postSolution
		{94AB1E1B-8DFA-4D0F-B3BB-5F893AB78F7D}.Debug|Any CPU.ActiveCfg = Debug|Any CPU
		{94AB1E1B-8DFA-4D0F-B3BB-5F893AB78F7D}.Debug|Any CPU.Build.0 = Debug|Any CPU
		{94AB1E1B-8DFA-4D0F-B3BB-5F893AB78F7D}.Release|Any CPU.ActiveCfg = Release|Any CPU
		{94AB1E1B-8DFA-4D0F-B3BB-5F893AB78F7D}.Release|Any CPU.Build.0 = Release|Any CPU
	EndGlobalSection
	GlobalSection(SolutionProperties) = preSolution
		HideSolutionNode = FALSE
	EndGlobalSection
	GlobalSection(ExtensibilityGlobals) = postSolution
		SolutionGuid = {AD7F7BA2-D891-4191-9614-8FB51137EA1A}
	EndGlobalSection
EndGlobal
